<?xml version="1.0" encoding="utf-8"?>
<Project ToolsVersion="4.0" xmlns="http://schemas.microsoft.com/developer/msbuild/2003">
  <ItemGroup>
    <Filter Include="源文件">
      <UniqueIdentifier>{4FC737F1-C7A5-4376-A066-2A32D752A2FF}</UniqueIdentifier>
      <Extensions>cpp;c;cc;cxx;def;odl;idl;hpj;bat;asm;asmx</Extensions>
    </Filter>
    <Filter Include="头文件">
      <UniqueIdentifier>{93995380-89BD-4b04-88EB-625FBE52EBFB}</UniqueIdentifier>
      <Extensions>h;hh;hpp;hxx;hm;inl;inc;xsd</Extensions>
    </Filter>
    <Filter Include="资源文件">
      <UniqueIdentifier>{67DA6AB6-F800-4c08-8B7A-83BB121AAD01}</UniqueIdentifier>
      <Extensions>rc;ico;cur;bmp;dlg;rc2;rct;bin;rgs;gif;jpg;jpeg;jpe;resx;tiff;tif;png;wav;mfcribbon-ms</Extensions>
    </Filter>
    <Filter Include="AES">
      <UniqueIdentifier>{0b2e1f00-6368-4c8b-bd83-8d95e361d9fd}</UniqueIdentifier>
    </Filter>
    <Filter Include="Hash">
      <UniqueIdentifier>{1e5eac7d-b1f5-4cc0-b67e-cebb2caeff60}</UniqueIdentifier>
    </Filter>
    <Filter Include="RSA">
      <UniqueIdentifier>{e432fb9a-0321-49a7-a855-a996e195bb0c}</UniqueIdentifier>
    </Filter>
  </ItemGroup>
  <ItemGroup>
    <Text Include="ReadMe.txt" />
  </ItemGroup>
  <ItemGroup>
    <ClInclude Include="stdafx.h">
      <Filter>头文件</Filter>
    </ClInclude>
    <ClInclude Include="targetver.h">
      <Filter>头文件</Filter>
    </ClInclude>
    <ClInclude Include="AES\AesEcbHelper.h">
      <Filter>AES</Filter>
    </ClInclude>
    <ClInclude Include="Hash\HashHelper.h">
      <Filter>Hash</Filter>
    </ClInclude>
    <ClInclude Include="AES\AesHelper.h">
      <Filter>AES</Filter>
    </ClInclude>
    <ClInclude Include="RSA\RSAHelper.h">
      <Filter>RSA</Filter>
    </ClInclude>
    <ClInclude Include="AES\AesCbcHelper.h">
      <Filter>AES</Filter>
    </ClInclude>
  </ItemGroup>
  <ItemGroup>
    <ClCompile Include="stdafx.cpp">
      <Filter>源文件</Filter>
    </ClCompile>
    <ClCompile Include="AES\AesEcbHelper.cpp">
      <Filter>AES</Filter>
    </ClCompile>
    <ClCompile Include="Hash\HashHelper.cpp">
      <Filter>Hash</Filter>
    </ClCompile>
    <ClCompile Include="AES\AesHelper.cpp">
      <Filter>AES</Filter>
    </ClCompile>
    <ClCompile Include="RSA\RSAHelper.cpp">
      <Filter>RSA</Filter>
    </ClCompile>
    <ClCompile Include="AES\AesCbcHelper.cpp">
      <Filter>AES</Filter>
    </ClCompile>
  </ItemGroup>
</Project>