
Microsoft Visual Studio Solution File, Format Version 12.00
# Visual Studio 2013
VisualStudioVersion = 12.0.40629.0
MinimumVisualStudioVersion = 10.0.40219.1
Project("{8BC9CEB8-8B4A-11D0-8D11-00A0C91BC942}") = "WinCryptoPP", "WinCryptoPP\WinCryptoPP.vcxproj", "{E6EEA76F-AD82-40BD-927D-F303B7305AA7}"
EndProject
Project("{8BC9CEB8-8B4A-11D0-8D11-00A0C91BC942}") = "WinCryptoPP_Dll", "WinCryptoPP_Dll\WinCryptoPP_Dll.vcxproj", "{32CA9501-04A5-414D-829A-15A4FED35A93}"
EndProject
Project("{8BC9CEB8-8B4A-11D0-8D11-00A0C91BC942}") = "WinCryptoPPTest", "WinCryptoPPTest\WinCryptoPPTest.vcxproj", "{E2E2AA3D-AB47-4CD5-952A-F0CF80D9353E}"
EndProject
Global
	GlobalSection(SolutionConfigurationPlatforms) = preSolution
		Debug|Win32 = Debug|Win32
		Release|Win32 = Release|Win32
	EndGlobalSection
	GlobalSection(ProjectConfigurationPlatforms) = postSolution
		{E6EEA76F-AD82-40BD-927D-F303B7305AA7}.Debug|Win32.ActiveCfg = Debug|Win32
		{E6EEA76F-AD82-40BD-927D-F303B7305AA7}.Debug|Win32.Build.0 = Debug|Win32
		{E6EEA76F-AD82-40BD-927D-F303B7305AA7}.Release|Win32.ActiveCfg = Release|Win32
		{E6EEA76F-AD82-40BD-927D-F303B7305AA7}.Release|Win32.Build.0 = Release|Win32
		{32CA9501-04A5-414D-829A-15A4FED35A93}.Debug|Win32.ActiveCfg = Debug|Win32
		{32CA9501-04A5-414D-829A-15A4FED35A93}.Debug|Win32.Build.0 = Debug|Win32
		{32CA9501-04A5-414D-829A-15A4FED35A93}.Release|Win32.ActiveCfg = Release|Win32
		{32CA9501-04A5-414D-829A-15A4FED35A93}.Release|Win32.Build.0 = Release|Win32
		{E2E2AA3D-AB47-4CD5-952A-F0CF80D9353E}.Debug|Win32.ActiveCfg = Debug|Win32
		{E2E2AA3D-AB47-4CD5-952A-F0CF80D9353E}.Debug|Win32.Build.0 = Debug|Win32
		{E2E2AA3D-AB47-4CD5-952A-F0CF80D9353E}.Release|Win32.ActiveCfg = Release|Win32
		{E2E2AA3D-AB47-4CD5-952A-F0CF80D9353E}.Release|Win32.Build.0 = Release|Win32
	EndGlobalSection
	GlobalSection(SolutionProperties) = preSolution
		HideSolutionNode = FALSE
	EndGlobalSection
EndGlobal
